// !$*UTF8*$!
{
	archiveVersion = 1;
	classes = {
	};
	objectVersion = 56;
	objects = {

/* Begin PBXBuildFile section */
		DB8690482BB4E7CA00CD54A6 /* iNotesApp.swift in Sources */ = {isa = PBXBuildFile; fileRef = DB8690472BB4E7CA00CD54A6 /* iNotesApp.swift */; };
		DB86904A2BB4E7CA00CD54A6 /* ContentView.swift in Sources */ = {isa = PBXBuildFile; fileRef = DB8690492BB4E7CA00CD54A6 /* ContentView.swift */; };
		DB86904C2BB4E7CA00CD54A6 /* Assets.xcassets in Resources */ = {isa = PBXBuildFile; fileRef = DB86904B2BB4E7CA00CD54A6 /* Assets.xcassets */; };
		DB86904F2BB4E7CA00CD54A6 /* Preview Assets.xcassets in Resources */ = {isa = PBXBuildFile; fileRef = DB86904E2BB4E7CA00CD54A6 /* Preview Assets.xcassets */; };
		DB8690512BB4E7CA00CD54A6 /* Persistence.swift in Sources */ = {isa = PBXBuildFile; fileRef = DB8690502BB4E7CA00CD54A6 /* Persistence.swift */; };
		DB8690542BB4E7CA00CD54A6 /* iNotes.xcdatamodeld in Sources */ = {isa = PBXBuildFile; fileRef = DB8690522BB4E7CA00CD54A6 /* iNotes.xcdatamodeld */; };
		DB86905D2BB4EA5E00CD54A6 /* ViewModel.swift in Sources */ = {isa = PBXBuildFile; fileRef = DB86905C2BB4EA5E00CD54A6 /* ViewModel.swift */; };
		DB86905F2BB4EC0100CD54A6 /* Home.swift in Sources */ = {isa = PBXBuildFile; fileRef = DB86905E2BB4EC0100CD54A6 /* Home.swift */; };
		DB8690612BB4EC1C00CD54A6 /* AddView.swift in Sources */ = {isa = PBXBuildFile; fileRef = DB8690602BB4EC1C00CD54A6 /* AddView.swift */; };
/* End PBXBuildFile section */

/* Begin PBXFileReference section */
		DB8690442BB4E7CA00CD54A6 /* iNotes.app */ = {isa = PBXFileReference; explicitFileType = wrapper.application; includeInIndex = 0; path = iNotes.app; sourceTree = BUILT_PRODUCTS_DIR; };
		DB8690472BB4E7CA00CD54A6 /* iNotesApp.swift */ = {isa = PBXFileReference; lastKnownFileType = sourcecode.swift; path = iNotesApp.swift; sourceTree = "<group>"; };
		DB8690492BB4E7CA00CD54A6 /* ContentView.swift */ = {isa = PBXFileReference; lastKnownFileType = sourcecode.swift; path = ContentView.swift; sourceTree = "<group>"; };
		DB86904B2BB4E7CA00CD54A6 /* Assets.xcassets */ = {isa = PBXFileReference; lastKnownFileType = folder.assetcatalog; path = Assets.xcassets; sourceTree = "<group>"; };
		DB86904E2BB4E7CA00CD54A6 /* Preview Assets.xcassets */ = {isa = PBXFileReference; lastKnownFileType = folder.assetcatalog; path = "Preview Assets.xcassets"; sourceTree = "<group>"; };
		DB8690502BB4E7CA00CD54A6 /* Persistence.swift */ = {isa = PBXFileReference; lastKnownFileType = sourcecode.swift; path = Persistence.swift; sourceTree = "<group>"; };
		DB8690532BB4E7CA00CD54A6 /* iNotes.xcdatamodel */ = {isa = PBXFileReference; lastKnownFileType = wrapper.xcdatamodel; path = iNotes.xcdatamodel; sourceTree = "<group>"; };
		DB86905C2BB4EA5E00CD54A6 /* ViewModel.swift */ = {isa = PBXFileReference; lastKnownFileType = sourcecode.swift; path = ViewModel.swift; sourceTree = "<group>"; };
		DB86905E2BB4EC0100CD54A6 /* Home.swift */ = {isa = PBXFileReference; lastKnownFileType = sourcecode.swift; path = Home.swift; sourceTree = "<group>"; };
		DB8690602BB4EC1C00CD54A6 /* AddView.swift */ = {isa = PBXFileReference; lastKnownFileType = sourcecode.swift; path = AddView.swift; sourceTree = "<group>"; };
/* End PBXFileReference section */

/* Begin PBXFrameworksBuildPhase section */
		DB8690412BB4E7CA00CD54A6 /* Frameworks */ = {
			isa = PBXFrameworksBuildPhase;
			buildActionMask = 2147483647;
			files = (
			);
			runOnlyForDeploymentPostprocessing = 0;
		};
/* End PBXFrameworksBuildPhase section */

/* Begin PBXGroup section */
		DB86903B2BB4E7CA00CD54A6 = {
			isa = PBXGroup;
			children = (
				DB8690462BB4E7CA00CD54A6 /* iNotes */,
				DB8690452BB4E7CA00CD54A6 /* Products */,
			);
			sourceTree = "<group>";
		};
		DB8690452BB4E7CA00CD54A6 /* Products */ = {
			isa = PBXGroup;
			children = (
				DB8690442BB4E7CA00CD54A6 /* iNotes.app */,
			);
			name = Products;
			sourceTree = "<group>";
		};
		DB8690462BB4E7CA00CD54A6 /* iNotes */ = {
			isa = PBXGroup;
			children = (
				DB86905B2BB4EA3000CD54A6 /* View */,
				DB86905A2BB4EA2500CD54A6 /* ViewModel */,
				DB8690472BB4E7CA00CD54A6 /* iNotesApp.swift */,
				DB8690492BB4E7CA00CD54A6 /* ContentView.swift */,
				DB86904B2BB4E7CA00CD54A6 /* Assets.xcassets */,
				DB8690502BB4E7CA00CD54A6 /* Persistence.swift */,
				DB8690522BB4E7CA00CD54A6 /* iNotes.xcdatamodeld */,
				DB86904D2BB4E7CA00CD54A6 /* Preview Content */,
			);
			path = iNotes;
			sourceTree = "<group>";
		};
		DB86904D2BB4E7CA00CD54A6 /* Preview Content */ = {
			isa = PBXGroup;
			children = (
				DB86904E2BB4E7CA00CD54A6 /* Preview Assets.xcassets */,
			);
			path = "Preview Content";
			sourceTree = "<group>";
		};
		DB86905A2BB4EA2500CD54A6 /* ViewModel */ = {
			isa = PBXGroup;
			children = (
				DB86905C2BB4EA5E00CD54A6 /* ViewModel.swift */,
			);
			path = ViewModel;
			sourceTree = "<group>";
		};
		DB86905B2BB4EA3000CD54A6 /* View */ = {
			isa = PBXGroup;
			children = (
				DB86905E2BB4EC0100CD54A6 /* Home.swift */,
				DB8690602BB4EC1C00CD54A6 /* AddView.swift */,
			);
			path = View;
			sourceTree = "<group>";
		};
/* End PBXGroup section */

/* Begin PBXNativeTarget section */
		DB8690432BB4E7CA00CD54A6 /* iNotes */ = {
			isa = PBXNativeTarget;
			buildConfigurationList = DB8690572BB4E7CA00CD54A6 /* Build configuration list for PBXNativeTarget "iNotes" */;
			buildPhases = (
				DB8690402BB4E7CA00CD54A6 /* Sources */,
				DB8690412BB4E7CA00CD54A6 /* Frameworks */,
				DB8690422BB4E7CA00CD54A6 /* Resources */,
			);
			buildRules = (
			);
			dependencies = (
			);
			name = iNotes;
			productName = iNotes;
			productReference = DB8690442BB4E7CA00CD54A6 /* iNotes.app */;
			productType = "com.apple.product-type.application";
		};
/* End PBXNativeTarget section */

/* Begin PBXProject section */
		DB86903C2BB4E7CA00CD54A6 /* Project object */ = {
			isa = PBXProject;
			attributes = {
				BuildIndependentTargetsInParallel = 1;
				LastSwiftUpdateCheck = 1420;
				LastUpgradeCheck = 1420;
				TargetAttributes = {
					DB8690432BB4E7CA00CD54A6 = {
						CreatedOnToolsVersion = 14.2;
					};
				};
			};
			buildConfigurationList = DB86903F2BB4E7CA00CD54A6 /* Build configuration list for PBXProject "iNotes" */;
			compatibilityVersion = "Xcode 14.0";
			developmentRegion = en;
			hasScannedForEncodings = 0;
			knownRegions = (
				en,
				Base,
			);
			mainGroup = DB86903B2BB4E7CA00CD54A6;
			productRefGroup = DB8690452BB4E7CA00CD54A6 /* Products */;
			projectDirPath = "";
			projectRoot = "";
			targets = (
				DB8690432BB4E7CA00CD54A6 /* iNotes */,
			);
		};
/* End PBXProject section */

/* Begin PBXResourcesBuildPhase section */
		DB8690422BB4E7CA00CD54A6 /* Resources */ = {
			isa = PBXResourcesBuildPhase;
			buildActionMask = 2147483647;
			files = (
				DB86904F2BB4E7CA00CD54A6 /* Preview Assets.xcassets in Resources */,
				DB86904C2BB4E7CA00CD54A6 /* Assets.xcassets in Resources */,
			);
			runOnlyForDeploymentPostprocessing = 0;
		};
/* End PBXResourcesBuildPhase section */

/* Begin PBXSourcesBuildPhase section */
		DB8690402BB4E7CA00CD54A6 /* Sources */ = {
			isa = PBXSourcesBuildPhase;
			buildActionMask = 2147483647;
			files = (
				DB8690612BB4EC1C00CD54A6 /* AddView.swift in Sources */,
				DB86905D2BB4EA5E00CD54A6 /* ViewModel.swift in Sources */,
				DB8690512BB4E7CA00CD54A6 /* Persistence.swift in Sources */,
				DB8690542BB4E7CA00CD54A6 /* iNotes.xcdatamodeld in Sources */,
				DB86904A2BB4E7CA00CD54A6 /* ContentView.swift in Sources */,
				DB86905F2BB4EC0100CD54A6 /* Home.swift in Sources */,
				DB8690482BB4E7CA00CD54A6 /* iNotesApp.swift in Sources */,
			);
			runOnlyForDeploymentPostprocessing = 0;
		};
/* End PBXSourcesBuildPhase section */

/* Begin XCBuildConfiguration section */
		DB8690552BB4E7CA00CD54A6 /* Debug */ = {
			isa = XCBuildConfiguration;
			buildSettings = {
				ALWAYS_SEARCH_USER_PATHS = NO;
				CLANG_ANALYZER_NONNULL = YES;
				CLANG_ANALYZER_NUMBER_OBJECT_CONVERSION = YES_AGGRESSIVE;
				CLANG_CXX_LANGUAGE_STANDARD = "gnu++20";
				CLANG_ENABLE_MODULES = YES;
				CLANG_ENABLE_OBJC_ARC = YES;
				CLANG_ENABLE_OBJC_WEAK = YES;
				CLANG_WARN_BLOCK_CAPTURE_AUTORELEASING = YES;
				CLANG_WARN_BOOL_CONVERSION = YES;
				CLANG_WARN_COMMA = YES;
				CLANG_WARN_CONSTANT_CONVERSION = YES;
				CLANG_WARN_DEPRECATED_OBJC_IMPLEMENTATIONS = YES;
				CLANG_WARN_DIRECT_OBJC_ISA_USAGE = YES_ERROR;
				CLANG_WARN_DOCUMENTATION_COMMENTS = YES;
				CLANG_WARN_EMPTY_BODY = YES;
				CLANG_WARN_ENUM_CONVERSION = YES;
				CLANG_WARN_INFINITE_RECURSION = YES;
				CLANG_WARN_INT_CONVERSION = YES;
				CLANG_WARN_NON_LITERAL_NULL_CONVERSION = YES;
				CLANG_WARN_OBJC_IMPLICIT_RETAIN_SELF = YES;
				CLANG_WARN_OBJC_LITERAL_CONVERSION = YES;
				CLANG_WARN_OBJC_ROOT_CLASS = YES_ERROR;
				CLANG_WARN_QUOTED_INCLUDE_IN_FRAMEWORK_HEADER = YES;
				CLANG_WARN_RANGE_LOOP_ANALYSIS = YES;
				CLANG_WARN_STRICT_PROTOTYPES = YES;
				CLANG_WARN_SUSPICIOUS_MOVE = YES;
				CLANG_WARN_UNGUARDED_AVAILABILITY = YES_AGGRESSIVE;
				CLANG_WARN_UNREACHABLE_CODE = YES;
				CLANG_WARN__DUPLICATE_METHOD_MATCH = YES;
				COPY_PHASE_STRIP = NO;
				DEBUG_INFORMATION_FORMAT = dwarf;
				ENABLE_STRICT_OBJC_MSGSEND = YES;
				ENABLE_TESTABILITY = YES;
				GCC_C_LANGUAGE_STANDARD = gnu11;
				GCC_DYNAMIC_NO_PIC = NO;
				GCC_NO_COMMON_BLOCKS = YES;
				GCC_OPTIMIZATION_LEVEL = 0;
				GCC_PREPROCESSOR_DEFINITIONS = (
					"DEBUG=1",
					"$(inherited)",
				);
				GCC_WARN_64_TO_32_BIT_CONVERSION = YES;
				GCC_WARN_ABOUT_RETURN_TYPE = YES_ERROR;
				GCC_WARN_UNDECLARED_SELECTOR = YES;
				GCC_WARN_UNINITIALIZED_AUTOS = YES_AGGRESSIVE;
				GCC_WARN_UNUSED_FUNCTION = YES;
				GCC_WARN_UNUSED_VARIABLE = YES;
				IPHONEOS_DEPLOYMENT_TARGET = 16.2;
				MTL_ENABLE_DEBUG_INFO = INCLUDE_SOURCE;
				MTL_FAST_MATH = YES;
				ONLY_ACTIVE_ARCH = YES;
				SDKROOT = iphoneos;
				SWIFT_ACTIVE_COMPILATION_CONDITIONS = DEBUG;
				SWIFT_OPTIMIZATION_LEVEL = "-Onone";
			};
			name = Debug;
		};
		DB8690562BB4E7CA00CD54A6 /* Release */ = {
			isa = XCBuildConfiguration;
			buildSettings = {
				ALWAYS_SEARCH_USER_PATHS = NO;
				CLANG_ANALYZER_NONNULL = YES;
				CLANG_ANALYZER_NUMBER_OBJECT_CONVERSION = YES_AGGRESSIVE;
				CLANG_CXX_LANGUAGE_STANDARD = "gnu++20";
				CLANG_ENABLE_MODULES = YES;
				CLANG_ENABLE_OBJC_ARC = YES;
				CLANG_ENABLE_OBJC_WEAK = YES;
				CLANG_WARN_BLOCK_CAPTURE_AUTORELEASING = YES;
				CLANG_WARN_BOOL_CONVERSION = YES;
				CLANG_WARN_COMMA = YES;
				CLANG_WARN_CONSTANT_CONVERSION = YES;
				CLANG_WARN_DEPRECATED_OBJC_IMPLEMENTATIONS = YES;
				CLANG_WARN_DIRECT_OBJC_ISA_USAGE = YES_ERROR;
				CLANG_WARN_DOCUMENTATION_COMMENTS = YES;
				CLANG_WARN_EMPTY_BODY = YES;
				CLANG_WARN_ENUM_CONVERSION = YES;
				CLANG_WARN_INFINITE_RECURSION = YES;
				CLANG_WARN_INT_CONVERSION = YES;
				CLANG_WARN_NON_LITERAL_NULL_CONVERSION = YES;
				CLANG_WARN_OBJC_IMPLICIT_RETAIN_SELF = YES;
				CLANG_WARN_OBJC_LITERAL_CONVERSION = YES;
				CLANG_WARN_OBJC_ROOT_CLASS = YES_ERROR;
				CLANG_WARN_QUOTED_INCLUDE_IN_FRAMEWORK_HEADER = YES;
				CLANG_WARN_RANGE_LOOP_ANALYSIS = YES;
				CLANG_WARN_STRICT_PROTOTYPES = YES;
				CLANG_WARN_SUSPICIOUS_MOVE = YES;
				CLANG_WARN_UNGUARDED_AVAILABILITY = YES_AGGRESSIVE;
				CLANG_WARN_UNREACHABLE_CODE = YES;
				CLANG_WARN__DUPLICATE_METHOD_MATCH = YES;
				COPY_PHASE_STRIP = NO;
				DEBUG_INFORMATION_FORMAT = "dwarf-with-dsym";
				ENABLE_NS_ASSERTIONS = NO;
				ENABLE_STRICT_OBJC_MSGSEND = YES;
				GCC_C_LANGUAGE_STANDARD = gnu11;
				GCC_NO_COMMON_BLOCKS = YES;
				GCC_WARN_64_TO_32_BIT_CONVERSION = YES;
				GCC_WARN_ABOUT_RETURN_TYPE = YES_ERROR;
				GCC_WARN_UNDECLARED_SELECTOR = YES;
				GCC_WARN_UNINITIALIZED_AUTOS = YES_AGGRESSIVE;
				GCC_WARN_UNUSED_FUNCTION = YES;
				GCC_WARN_UNUSED_VARIABLE = YES;
				IPHONEOS_DEPLOYMENT_TARGET = 16.2;
				MTL_ENABLE_DEBUG_INFO = NO;
				MTL_FAST_MATH = YES;
				SDKROOT = iphoneos;
				SWIFT_COMPILATION_MODE = wholemodule;
				SWIFT_OPTIMIZATION_LEVEL = "-O";
				VALIDATE_PRODUCT = YES;
			};
			name = Release;
		};
		DB8690582BB4E7CA00CD54A6 /* Debug */ = {
			isa = XCBuildConfiguration;
			buildSettings = {
				ASSETCATALOG_COMPILER_APPICON_NAME = AppIcon;
				ASSETCATALOG_COMPILER_GLOBAL_ACCENT_COLOR_NAME = AccentColor;
				CODE_SIGN_STYLE = Automatic;
				CURRENT_PROJECT_VERSION = 1;
				DEVELOPMENT_ASSET_PATHS = "\"iNotes/Preview Content\"";
				ENABLE_PREVIEWS = YES;
				GENERATE_INFOPLIST_FILE = YES;
				INFOPLIST_KEY_UIApplicationSceneManifest_Generation = YES;
				INFOPLIST_KEY_UIApplicationSupportsIndirectInputEvents = YES;
				INFOPLIST_KEY_UILaunchScreen_Generation = YES;
				INFOPLIST_KEY_UISupportedInterfaceOrientations_iPad = "UIInterfaceOrientationPortrait UIInterfaceOrientationPortraitUpsideDown UIInterfaceOrientationLandscapeLeft UIInterfaceOrientationLandscapeRight";
				INFOPLIST_KEY_UISupportedInterfaceOrientations_iPhone = "UIInterfaceOrientationPortrait UIInterfaceOrientationLandscapeLeft UIInterfaceOrientationLandscapeRight";
				LD_RUNPATH_SEARCH_PATHS = (
					"$(inherited)",
					"@executable_path/Frameworks",
				);
				MARKETING_VERSION = 1.0;
				PRODUCT_BUNDLE_IDENTIFIER = com.diego.iNotes;
				PRODUCT_NAME = "$(TARGET_NAME)";
				SWIFT_EMIT_LOC_STRINGS = YES;
				SWIFT_VERSION = 5.0;
				TARGETED_DEVICE_FAMILY = "1,2";
			};
			name = Debug;
		};
		DB8690592BB4E7CA00CD54A6 /* Release */ = {
			isa = XCBuildConfiguration;
			buildSettings = {
				ASSETCATALOG_COMPILER_APPICON_NAME = AppIcon;
				ASSETCATALOG_COMPILER_GLOBAL_ACCENT_COLOR_NAME = AccentColor;
				CODE_SIGN_STYLE = Automatic;
				CURRENT_PROJECT_VERSION = 1;
				DEVELOPMENT_ASSET_PATHS = "\"iNotes/Preview Content\"";
				ENABLE_PREVIEWS = YES;
				GENERATE_INFOPLIST_FILE = YES;
				INFOPLIST_KEY_UIApplicationSceneManifest_Generation = YES;
				INFOPLIST_KEY_UIApplicationSupportsIndirectInputEvents = YES;
				INFOPLIST_KEY_UILaunchScreen_Generation = YES;
				INFOPLIST_KEY_UISupportedInterfaceOrientations_iPad = "UIInterfaceOrientationPortrait UIInterfaceOrientationPortraitUpsideDown UIInterfaceOrientationLandscapeLeft UIInterfaceOrientationLandscapeRight";
				INFOPLIST_KEY_UISupportedInterfaceOrientations_iPhone = "UIInterfaceOrientationPortrait UIInterfaceOrientationLandscapeLeft UIInterfaceOrientationLandscapeRight";
				LD_RUNPATH_SEARCH_PATHS = (
					"$(inherited)",
					"@executable_path/Frameworks",
				);
				MARKETING_VERSION = 1.0;
				PRODUCT_BUNDLE_IDENTIFIER = com.diego.iNotes;
				PRODUCT_NAME = "$(TARGET_NAME)";
				SWIFT_EMIT_LOC_STRINGS = YES;
				SWIFT_VERSION = 5.0;
				TARGETED_DEVICE_FAMILY = "1,2";
			};
			name = Release;
		};
/* End XCBuildConfiguration section */

/* Begin XCConfigurationList section */
		DB86903F2BB4E7CA00CD54A6 /* Build configuration list for PBXProject "iNotes" */ = {
			isa = XCConfigurationList;
			buildConfigurations = (
				DB8690552BB4E7CA00CD54A6 /* Debug */,
				DB8690562BB4E7CA00CD54A6 /* Release */,
			);
			defaultConfigurationIsVisible = 0;
			defaultConfigurationName = Release;
		};
		DB8690572BB4E7CA00CD54A6 /* Build configuration list for PBXNativeTarget "iNotes" */ = {
			isa = XCConfigurationList;
			buildConfigurations = (
				DB8690582BB4E7CA00CD54A6 /* Debug */,
				DB8690592BB4E7CA00CD54A6 /* Release */,
			);
			defaultConfigurationIsVisible = 0;
			defaultConfigurationName = Release;
		};
/* End XCConfigurationList section */

/* Begin XCVersionGroup section */
		DB8690522BB4E7CA00CD54A6 /* iNotes.xcdatamodeld */ = {
			isa = XCVersionGroup;
			children = (
				DB8690532BB4E7CA00CD54A6 /* iNotes.xcdatamodel */,
			);
			currentVersion = DB8690532BB4E7CA00CD54A6 /* iNotes.xcdatamodel */;
			path = iNotes.xcdatamodeld;
			sourceTree = "<group>";
			versionGroupType = wrapper.xcdatamodel;
		};
/* End XCVersionGroup section */
	};
	rootObject = DB86903C2BB4E7CA00CD54A6 /* Project object */;
}
